# THIS IS AN AUTOGENERATED FILE. DO NOT EDIT THIS FILE DIRECTLY.
# yarn lockfile v1


"@tauri-apps/api@^1.5.0":
  version "1.5.0"
  resolved "https://registry.npmjs.org/@tauri-apps/api/-/api-1.5.0.tgz#46a0f9b6edd4bfc39be32afc4ad242e0b8cca3ea"
  integrity sha512-yQY9wpVNuiYhLLuyDlu1nBpqJELT1fGp7OctN4rW9I2W1T2p7A3tqPxsEzQprEwneQRBAlPM9vC8NsnMbct+pg==

"@tauri-apps/cli-darwin-arm64@1.5.2":
  version "1.5.2"
  resolved "https://registry.npmjs.org/@tauri-apps/cli-darwin-arm64/-/cli-darwin-arm64-1.5.2.tgz#a579fadfc20be7119151d24f99d0416ac95a0afb"
  integrity sha512-3mYN15jpYjuuHRWii5Xk6JvB3ZLEgAZkeVgc5Hg7k3Yw1ZBrEGiUNe3Ku4DjbkYWL/QDd7oteIJnQk3j0mXwEg==

"@tauri-apps/cli-darwin-x64@1.5.2":
  version "1.5.2"
  resolved "https://registry.npmjs.org/@tauri-apps/cli-darwin-x64/-/cli-darwin-x64-1.5.2.tgz#d2251c0a1c3782645b90dd0c753b30a44d98ef6f"
  integrity sha512-8Jsl+EKBGdBoRUIR5ohjiTV6uG+pFpkNwHB4WaOzzR//v6p0lGULk2ohPIjJxhoQIFIN9oBd8bsSSNbZO/57/g==

"@tauri-apps/cli-linux-arm-gnueabihf@1.5.2":
  version "1.5.2"
  resolved "https://registry.npmjs.org/@tauri-apps/cli-linux-arm-gnueabihf/-/cli-linux-arm-gnueabihf-1.5.2.tgz#0fb25b4842195f425084be93524b2e7d11459b58"
  integrity sha512-oWzcQtZogchdCSdQ+eEbDJHjJO9BGPO9EZNfvI2u3JzS/hJj4wCwnGHvZGI4jJ/6cnmcNvtt9ZftYYN4rpQW7A==

"@tauri-apps/cli-linux-arm64-gnu@1.5.2":
  version "1.5.2"
  resolved "https://registry.npmjs.org/@tauri-apps/cli-linux-arm64-gnu/-/cli-linux-arm64-gnu-1.5.2.tgz#4d6d86584861b8221e9ad679989b74be495766c7"
  integrity sha512-hfIUtys+SrrGEpLhQJwmL16g1FDhfObR4AGahCMqvMwA25uQKhtzRhxieO4X3k03vBeboTyJla5a2rX4TQ4lXA==

"@tauri-apps/cli-linux-arm64-musl@1.5.2":
  version "1.5.2"
  resolved "https://registry.npmjs.org/@tauri-apps/cli-linux-arm64-musl/-/cli-linux-arm64-musl-1.5.2.tgz#caa1da5f21ce231dd1916f4525444a368cc4aec5"
  integrity sha512-ZpFX4HyjkJHfF0geVVpq5fNjEXG8766LRg/BL4/wKy8MNbqcc/aW3sLEpVj0GvdulxOnd2trDb1FJdZ206Kp8g==

"@tauri-apps/cli-linux-x64-gnu@1.5.2":
  version "1.5.2"
  resolved "https://registry.npmjs.org/@tauri-apps/cli-linux-x64-gnu/-/cli-linux-x64-gnu-1.5.2.tgz#b8a7d75c8562fdf134abd037a4fc45c28671bd89"
  integrity sha512-/kEZrDVZv1+qYpZigtLntX4s+gx7WQqp8cmxKZL5GrzAjUNSTnfWK5VL7o0lYm09QBJAdTvjcJu2aPzNHLDS+Q==

"@tauri-apps/cli-linux-x64-musl@1.5.2":
  version "1.5.2"
  resolved "https://registry.npmjs.org/@tauri-apps/cli-linux-x64-musl/-/cli-linux-x64-musl-1.5.2.tgz#6309639fd01a3771637aa3e6800fc06b5458d017"
  integrity sha512-vOrTqfW7NZLYmB1ZXjEq9JC8Z5knIHVGltN3jfyq9UY+tu7d6jNaSHuDdsVHLaKIRQajTHz+5cphDMoL+6/MUQ==

"@tauri-apps/cli-win32-arm64-msvc@1.5.2":
  version "1.5.2"
  resolved "https://registry.npmjs.org/@tauri-apps/cli-win32-arm64-msvc/-/cli-win32-arm64-msvc-1.5.2.tgz#7a6b89ee7d992e51084f1427e3885dfe5bcf5bae"
  integrity sha512-PCAIxH8TvIy1PlJK2qrdwpRCa7pZV648whRhmoLwj9lvn9PR4+vwuUWhSTXmp1ISHWZm/mEJpYuVq0ZxJDQKZQ==

"@tauri-apps/cli-win32-ia32-msvc@1.5.2":
  version "1.5.2"
  resolved "https://registry.npmjs.org/@tauri-apps/cli-win32-ia32-msvc/-/cli-win32-ia32-msvc-1.5.2.tgz#17e02c30e29596d815f0ad0458a11bc752502921"
  integrity sha512-0rCXZC/9qyWZI2cgVnsT4JEjcxjQcZlrZjaSwhGynPUMkIUUBsWDimzkQeOP8abw5j/kLS2QPQRHAHqd0IF6Rg==

"@tauri-apps/cli-win32-x64-msvc@1.5.2":
  version "1.5.2"
  resolved "https://registry.npmjs.org/@tauri-apps/cli-win32-x64-msvc/-/cli-win32-x64-msvc-1.5.2.tgz#bec591ca7c8a6ed77f705da73c0213c454582e5a"
  integrity sha512-HrOwIujKTql8yUOvR+IEGW/SXwMwPrGWrcM35cDfCxpkLH6h3F5i4JtRqYTAiFdSfTk1J2rcFVQXfFJYIDntnA==

"@tauri-apps/cli@^1.5.2":
  version "1.5.2"
  resolved "https://registry.npmjs.org/@tauri-apps/cli/-/cli-1.5.2.tgz#c945eed048774bf5a7418cabed5b63e7048b4eb4"
  integrity sha512-x4rPinrdyWLdTU5TbV7wrXudOyMilv0nmi1rngm/jwN3MmZdAj5J2xaS2rYtA8BU3oM/SE34qQwYxv1a2sM9ug==
  optionalDependencies:
    "@tauri-apps/cli-darwin-arm64" "1.5.2"
    "@tauri-apps/cli-darwin-x64" "1.5.2"
    "@tauri-apps/cli-linux-arm-gnueabihf" "1.5.2"
    "@tauri-apps/cli-linux-arm64-gnu" "1.5.2"
    "@tauri-apps/cli-linux-arm64-musl" "1.5.2"
    "@tauri-apps/cli-linux-x64-gnu" "1.5.2"
    "@tauri-apps/cli-linux-x64-musl" "1.5.2"
    "@tauri-apps/cli-win32-arm64-msvc" "1.5.2"
    "@tauri-apps/cli-win32-ia32-msvc" "1.5.2"
    "@tauri-apps/cli-win32-x64-msvc" "1.5.2"
